// !$*UTF8*$!
{
	archiveVersion = 1;
	classes = {
	};
	objectVersion = 56;
	objects = {

/* Begin PBXBuildFile section */
		301821CF299D79C10088863C /* AuthentificationService.swift in Sources */ = {isa = PBXBuildFile; fileRef = 301821CE299D79C10088863C /* AuthentificationService.swift */; };
		3019DEE72A0B050E00C7B1CC /* SettingsViewProfileHeaderView.swift in Sources */ = {isa = PBXBuildFile; fileRef = 3019DEE62A0B050E00C7B1CC /* SettingsViewProfileHeaderView.swift */; };
		3021339E29EC3D5A002ED5C5 /* MoodClassifierViewControllerProtocol.swift in Sources */ = {isa = PBXBuildFile; fileRef = 3021339D29EC3D5A002ED5C5 /* MoodClassifierViewControllerProtocol.swift */; };
		3025FF3B2A11824A002D71A8 /* MoodClassifierSelectionView.swift in Sources */ = {isa = PBXBuildFile; fileRef = 3025FF3A2A11824A002D71A8 /* MoodClassifierSelectionView.swift */; };
		3025FF3E2A118AA6002D71A8 /* ManualMoodCoordinator.swift in Sources */ = {isa = PBXBuildFile; fileRef = 3025FF3D2A118AA6002D71A8 /* ManualMoodCoordinator.swift */; };
		3025FF402A119881002D71A8 /* CoreMLClassifierCoordinator.swift in Sources */ = {isa = PBXBuildFile; fileRef = 3025FF3F2A119881002D71A8 /* CoreMLClassifierCoordinator.swift */; };
		302B48C229F9442B0031CFE6 /* AuthentificationModuleConstants.swift in Sources */ = {isa = PBXBuildFile; fileRef = 302B48C129F9442B0031CFE6 /* AuthentificationModuleConstants.swift */; };
		302B48C429F952470031CFE6 /* LayoutConstants.swift in Sources */ = {isa = PBXBuildFile; fileRef = 302B48C329F952470031CFE6 /* LayoutConstants.swift */; };
		302B48C729F957690031CFE6 /* RegistrationViewController.swift in Sources */ = {isa = PBXBuildFile; fileRef = 302B48C629F957690031CFE6 /* RegistrationViewController.swift */; };
		302B48CA29F967F30031CFE6 /* MainScreenViewModel.swift in Sources */ = {isa = PBXBuildFile; fileRef = 302B48C929F967F30031CFE6 /* MainScreenViewModel.swift */; };
		302B48CE29F9D7FF0031CFE6 /* FirstTimeEntryCoordinator.swift in Sources */ = {isa = PBXBuildFile; fileRef = 302B48CD29F9D7FF0031CFE6 /* FirstTimeEntryCoordinator.swift */; };
		302C494529FB116500D43421 /* MoodModel.swift in Sources */ = {isa = PBXBuildFile; fileRef = 302C494429FB116500D43421 /* MoodModel.swift */; };
		302C494729FB267300D43421 /* MoodClassifierHostingViewController.swift in Sources */ = {isa = PBXBuildFile; fileRef = 302C494629FB267200D43421 /* MoodClassifierHostingViewController.swift */; };
		302C494A29FB26DB00D43421 /* MoodClassifierMainScreenView.swift in Sources */ = {isa = PBXBuildFile; fileRef = 302C494929FB26DB00D43421 /* MoodClassifierMainScreenView.swift */; };
		302C494C29FB26FC00D43421 /* MoodSelectionView.swift in Sources */ = {isa = PBXBuildFile; fileRef = 302C494B29FB26FC00D43421 /* MoodSelectionView.swift */; };
		302C494E29FB276300D43421 /* MoodClassifierButton.swift in Sources */ = {isa = PBXBuildFile; fileRef = 302C494D29FB276300D43421 /* MoodClassifierButton.swift */; };
		302EEE3129EB683F005732E3 /* MoodClassifierModulePresenter.swift in Sources */ = {isa = PBXBuildFile; fileRef = 302EEE3029EB683F005732E3 /* MoodClassifierModulePresenter.swift */; };
		302EEE3329EB686C005732E3 /* UserMoodClassifierService.swift in Sources */ = {isa = PBXBuildFile; fileRef = 302EEE3229EB686C005732E3 /* UserMoodClassifierService.swift */; };
		3037166929F2074400846D65 /* MoodClassifierViewController+Module.swift in Sources */ = {isa = PBXBuildFile; fileRef = 3037166829F2074400846D65 /* MoodClassifierViewController+Module.swift */; };
		303B9EB829C1C415008D2C64 /* ReasonsToStopViewProtocol.swift in Sources */ = {isa = PBXBuildFile; fileRef = 303B9EB729C1C415008D2C64 /* ReasonsToStopViewProtocol.swift */; };
		3044405929F70AFC00AD40F2 /* MainScreenContainerViewController.swift in Sources */ = {isa = PBXBuildFile; fileRef = 3044405829F70AFC00AD40F2 /* MainScreenContainerViewController.swift */; };
		3044405B29F7125D00AD40F2 /* RoundedCorner.swift in Sources */ = {isa = PBXBuildFile; fileRef = 3044405A29F7125D00AD40F2 /* RoundedCorner.swift */; };
		3044405D29F741B500AD40F2 /* HeaderView.swift in Sources */ = {isa = PBXBuildFile; fileRef = 3044405C29F741B500AD40F2 /* HeaderView.swift */; };
		3044405F29F7438700AD40F2 /* TimeAndScoreView.swift in Sources */ = {isa = PBXBuildFile; fileRef = 3044405E29F7438700AD40F2 /* TimeAndScoreView.swift */; };
		3044406129F7456E00AD40F2 /* Spacings.swift in Sources */ = {isa = PBXBuildFile; fileRef = 3044406029F7456E00AD40F2 /* Spacings.swift */; };
		3048CD3529AD79010016308B /* MainScreenNewsViewModule.swift in Sources */ = {isa = PBXBuildFile; fileRef = 3048CD3429AD79000016308B /* MainScreenNewsViewModule.swift */; };
		304EC1A62A03BBE7001667FC /* ProgressStatsViewContainer.swift in Sources */ = {isa = PBXBuildFile; fileRef = 304EC1A52A03BBE7001667FC /* ProgressStatsViewContainer.swift */; };
		304EC1A92A03BEE0001667FC /* ProgressStatsView.swift in Sources */ = {isa = PBXBuildFile; fileRef = 304EC1A82A03BEE0001667FC /* ProgressStatsView.swift */; };
		304F776929A97039004FF548 /* AuthentificationModulePresenter.swift in Sources */ = {isa = PBXBuildFile; fileRef = 304F776829A97039004FF548 /* AuthentificationModulePresenter.swift */; };
		304F776B29A978B9004FF548 /* AuthentificationModule.swift in Sources */ = {isa = PBXBuildFile; fileRef = 304F776A29A978B9004FF548 /* AuthentificationModule.swift */; };
		3057162029C7E292002C20A0 /* ReasonsToStopModulePresenter.swift in Sources */ = {isa = PBXBuildFile; fileRef = 3057161F29C7E292002C20A0 /* ReasonsToStopModulePresenter.swift */; };
		3057162229C7E374002C20A0 /* ReasonsToStopPresenterProtocol.swift in Sources */ = {isa = PBXBuildFile; fileRef = 3057162129C7E374002C20A0 /* ReasonsToStopPresenterProtocol.swift */; };
		3057162429C7E77D002C20A0 /* ReasonsTopStopView+Module.swift in Sources */ = {isa = PBXBuildFile; fileRef = 3057162329C7E77D002C20A0 /* ReasonsTopStopView+Module.swift */; };
		306531F629E4B20500E0544F /* SettingsViewController.swift in Sources */ = {isa = PBXBuildFile; fileRef = 306531F529E4B20500E0544F /* SettingsViewController.swift */; };
		306531F829E4B84800E0544F /* SettingsTableViewFooterView.swift in Sources */ = {isa = PBXBuildFile; fileRef = 306531F729E4B84800E0544F /* SettingsTableViewFooterView.swift */; };
		306531FA29E4BB5100E0544F /* SettingsTableViewCell.swift in Sources */ = {isa = PBXBuildFile; fileRef = 306531F929E4BB5100E0544F /* SettingsTableViewCell.swift */; };
		3078300E299D82B8003FAA10 /* UIButton+Extension.swift in Sources */ = {isa = PBXBuildFile; fileRef = 3078300D299D82B8003FAA10 /* UIButton+Extension.swift */; };
		30783017299EECFF003FAA10 /* API.swift in Sources */ = {isa = PBXBuildFile; fileRef = 30783016299EECFF003FAA10 /* API.swift */; };
		3078302229A2DD25003FAA10 /* ColorConstants.swift in Sources */ = {isa = PBXBuildFile; fileRef = 3078302129A2DD25003FAA10 /* ColorConstants.swift */; };
		3078302429A2DD9A003FAA10 /* UILabel+Extension.swift in Sources */ = {isa = PBXBuildFile; fileRef = 3078302329A2DD9A003FAA10 /* UILabel+Extension.swift */; };
		307E7DFE29EF312200DFCEE3 /* MoodClassifierViewController.swift in Sources */ = {isa = PBXBuildFile; fileRef = 307E7DFD29EF312200DFCEE3 /* MoodClassifierViewController.swift */; };
		307E7E0129EF486300DFCEE3 /* MoodClassifierModulePresenterProtocol.swift in Sources */ = {isa = PBXBuildFile; fileRef = 307E7E0029EF486300DFCEE3 /* MoodClassifierModulePresenterProtocol.swift */; };
		3098C25F2A028CC6008B4114 /* FilterMenuView.swift in Sources */ = {isa = PBXBuildFile; fileRef = 3098C25E2A028CC6008B4114 /* FilterMenuView.swift */; };
		3098C2612A030209008B4114 /* TextStringConstants.swift in Sources */ = {isa = PBXBuildFile; fileRef = 3098C2602A030209008B4114 /* TextStringConstants.swift */; };
		3098C2652A03065C008B4114 /* ProgressChartsModuleMainScreen.swift in Sources */ = {isa = PBXBuildFile; fileRef = 3098C2642A03065C008B4114 /* ProgressChartsModuleMainScreen.swift */; };
		30A0E4CB29DE19E1000CA339 /* Coordinator.swift in Sources */ = {isa = PBXBuildFile; fileRef = 30A0E4CA29DE19E1000CA339 /* Coordinator.swift */; };
		30A0E4CD29DE1B35000CA339 /* AppCoordinator.swift in Sources */ = {isa = PBXBuildFile; fileRef = 30A0E4CC29DE1B35000CA339 /* AppCoordinator.swift */; };
		30A0E4CF29DEF35B000CA339 /* LoginCoordinator.swift in Sources */ = {isa = PBXBuildFile; fileRef = 30A0E4CE29DEF35B000CA339 /* LoginCoordinator.swift */; };
		30A0E4D229DF71AF000CA339 /* TabBarPages.swift in Sources */ = {isa = PBXBuildFile; fileRef = 30A0E4D129DF71AF000CA339 /* TabBarPages.swift */; };
		30A0E4D429DF7256000CA339 /* TabBarCoordinator.swift in Sources */ = {isa = PBXBuildFile; fileRef = 30A0E4D329DF7256000CA339 /* TabBarCoordinator.swift */; };
		30A11FF929FB29920062A019 /* ButtonWithCheckMarkButtonStyle.swift in Sources */ = {isa = PBXBuildFile; fileRef = 30A11FF829FB29920062A019 /* ButtonWithCheckMarkButtonStyle.swift */; };
		30A11FFB29FB2D070062A019 /* FontsEnum.swift in Sources */ = {isa = PBXBuildFile; fileRef = 30A11FFA29FB2D070062A019 /* FontsEnum.swift */; };
		30A1200029FB338C0062A019 /* MoodClassifierModuleViewModel.swift in Sources */ = {isa = PBXBuildFile; fileRef = 30A11FFF29FB338C0062A019 /* MoodClassifierModuleViewModel.swift */; };
		30A1200429FB45D70062A019 /* CustomTextField.swift in Sources */ = {isa = PBXBuildFile; fileRef = 30A1200329FB45D70062A019 /* CustomTextField.swift */; };
		30A1200629FBE7B00062A019 /* FirebaseStorageService.swift in Sources */ = {isa = PBXBuildFile; fileRef = 30A1200529FBE7AF0062A019 /* FirebaseStorageService.swift */; };
		30A1204429FC0D350062A019 /* GoogleService-Info.plist in Resources */ = {isa = PBXBuildFile; fileRef = 30A1204329FC0D350062A019 /* GoogleService-Info.plist */; };
		30A1204629FC138A0062A019 /* SettingModuleViewModule.swift in Sources */ = {isa = PBXBuildFile; fileRef = 30A1204529FC138A0062A019 /* SettingModuleViewModule.swift */; };
		30A1204829FC13A70062A019 /* ProgressChartsViewModel.swift in Sources */ = {isa = PBXBuildFile; fileRef = 30A1204729FC13A70062A019 /* ProgressChartsViewModel.swift */; };
		30A1204E29FC1A0A0062A019 /* FirebaseAuth in Frameworks */ = {isa = PBXBuildFile; productRef = 30A1204D29FC1A0A0062A019 /* FirebaseAuth */; };
		30A1205029FC1A0A0062A019 /* FirebaseDatabase in Frameworks */ = {isa = PBXBuildFile; productRef = 30A1204F29FC1A0A0062A019 /* FirebaseDatabase */; };
		30A1205229FC1A0A0062A019 /* FirebaseDatabaseSwift in Frameworks */ = {isa = PBXBuildFile; productRef = 30A1205129FC1A0A0062A019 /* FirebaseDatabaseSwift */; };
		30A1205429FC1A0A0062A019 /* FirebaseFirestore in Frameworks */ = {isa = PBXBuildFile; productRef = 30A1205329FC1A0A0062A019 /* FirebaseFirestore */; };
		30A1205629FC1A0A0062A019 /* FirebaseFirestoreSwift in Frameworks */ = {isa = PBXBuildFile; productRef = 30A1205529FC1A0A0062A019 /* FirebaseFirestoreSwift */; };
		30A1205829FC1A0A0062A019 /* FirebaseStorage in Frameworks */ = {isa = PBXBuildFile; productRef = 30A1205729FC1A0A0062A019 /* FirebaseStorage */; };
		30A1205A29FD22A10062A019 /* ChartModel.swift in Sources */ = {isa = PBXBuildFile; fileRef = 30A1205929FD22A10062A019 /* ChartModel.swift */; };
		30A1205C29FD31640062A019 /* UserStatisticsModel.swift in Sources */ = {isa = PBXBuildFile; fileRef = 30A1205B29FD31640062A019 /* UserStatisticsModel.swift */; };
		30A7636D2A01BC1E00C91C6A /* ProgressChartsModuleHostingViewController.swift in Sources */ = {isa = PBXBuildFile; fileRef = 30A7636C2A01BC1E00C91C6A /* ProgressChartsModuleHostingViewController.swift */; };
		30A7636F2A01BE9300C91C6A /* Binding+Extension.swift in Sources */ = {isa = PBXBuildFile; fileRef = 30A7636E2A01BE9300C91C6A /* Binding+Extension.swift */; };
		30AAD91B2A0E4BB7000FF93D /* SettingsViewModel.swift in Sources */ = {isa = PBXBuildFile; fileRef = 30AAD91A2A0E4BB7000FF93D /* SettingsViewModel.swift */; };
		30AAD9212A0EFB72000FF93D /* UserModel.swift in Sources */ = {isa = PBXBuildFile; fileRef = 30AAD9202A0EFB72000FF93D /* UserModel.swift */; };
		30AAD9232A0F0A40000FF93D /* HeaderViewViewModel.swift in Sources */ = {isa = PBXBuildFile; fileRef = 30AAD9222A0F0A40000FF93D /* HeaderViewViewModel.swift */; };
		30AAD9252A106553000FF93D /* ReasonsToStopCoordinator.swift in Sources */ = {isa = PBXBuildFile; fileRef = 30AAD9242A106553000FF93D /* ReasonsToStopCoordinator.swift */; };
		30ABA7B429E8C7660048C97E /* DateComponents+Extension.swift in Sources */ = {isa = PBXBuildFile; fileRef = 30ABA7B329E8C7660048C97E /* DateComponents+Extension.swift */; };
		30B7513629F345FD00295A7E /* ClassificationResultModel.swift in Sources */ = {isa = PBXBuildFile; fileRef = 30B7513529F345FD00295A7E /* ClassificationResultModel.swift */; };
		30C1CB2029F1396500F7A044 /* MoodClassifierCoordinator.swift in Sources */ = {isa = PBXBuildFile; fileRef = 30C1CB1F29F1396500F7A044 /* MoodClassifierCoordinator.swift */; };
		30CA1B41299AE191001E5BF3 /* AppDelegate.swift in Sources */ = {isa = PBXBuildFile; fileRef = 30CA1B40299AE191001E5BF3 /* AppDelegate.swift */; };
		30CA1B43299AE191001E5BF3 /* SceneDelegate.swift in Sources */ = {isa = PBXBuildFile; fileRef = 30CA1B42299AE191001E5BF3 /* SceneDelegate.swift */; };
		30CA1B45299AE191001E5BF3 /* AutentificationViewController.swift in Sources */ = {isa = PBXBuildFile; fileRef = 30CA1B44299AE191001E5BF3 /* AutentificationViewController.swift */; };
		30CA1B4A299AE192001E5BF3 /* Assets.xcassets in Resources */ = {isa = PBXBuildFile; fileRef = 30CA1B49299AE192001E5BF3 /* Assets.xcassets */; };
		30CA1B4D299AE192001E5BF3 /* LaunchScreen.storyboard in Resources */ = {isa = PBXBuildFile; fileRef = 30CA1B4B299AE192001E5BF3 /* LaunchScreen.storyboard */; };
		30CA1B55299AE573001E5BF3 /* UIView+Extension.swift in Sources */ = {isa = PBXBuildFile; fileRef = 30CA1B54299AE573001E5BF3 /* UIView+Extension.swift */; };
		30CA1B57299AF0EB001E5BF3 /* TextField+Extension.swift in Sources */ = {isa = PBXBuildFile; fileRef = 30CA1B56299AF0EB001E5BF3 /* TextField+Extension.swift */; };
		30CA3A0B29AFFA7200181539 /* MoodChartView.swift in Sources */ = {isa = PBXBuildFile; fileRef = 30CA3A0A29AFFA7200181539 /* MoodChartView.swift */; };
		30CA3A2C29B0125F00181539 /* TabBarController.swift in Sources */ = {isa = PBXBuildFile; fileRef = 30CA3A2B29B0125F00181539 /* TabBarController.swift */; };
		30CA3A2E29B0EF7000181539 /* ReasonsToStopViewController.swift in Sources */ = {isa = PBXBuildFile; fileRef = 30CA3A2D29B0EF7000181539 /* ReasonsToStopViewController.swift */; };
		30CA3A3029B0F04600181539 /* ReasonsToStopCollectionViewCell.swift in Sources */ = {isa = PBXBuildFile; fileRef = 30CA3A2F29B0F04600181539 /* ReasonsToStopCollectionViewCell.swift */; };
		30E0C87329F1DA670011F736 /* Poppins-Medium.ttf in Resources */ = {isa = PBXBuildFile; fileRef = 30E0C86229F1DA5F0011F736 /* Poppins-Medium.ttf */; };
		30E0C87429F1DA670011F736 /* Poppins-ExtraBoldItalic.ttf in Resources */ = {isa = PBXBuildFile; fileRef = 30E0C86329F1DA5F0011F736 /* Poppins-ExtraBoldItalic.ttf */; };
		30E0C87529F1DA670011F736 /* Poppins-Bold.ttf in Resources */ = {isa = PBXBuildFile; fileRef = 30E0C86429F1DA600011F736 /* Poppins-Bold.ttf */; };
		30E0C87629F1DA670011F736 /* Poppins-Thin.ttf in Resources */ = {isa = PBXBuildFile; fileRef = 30E0C86529F1DA600011F736 /* Poppins-Thin.ttf */; };
		30E0C87729F1DA670011F736 /* Poppins-BoldItalic.ttf in Resources */ = {isa = PBXBuildFile; fileRef = 30E0C86629F1DA610011F736 /* Poppins-BoldItalic.ttf */; };
		30E0C87829F1DA670011F736 /* Poppins-LightItalic.ttf in Resources */ = {isa = PBXBuildFile; fileRef = 30E0C86729F1DA610011F736 /* Poppins-LightItalic.ttf */; };
		30E0C87929F1DA670011F736 /* Poppins-SemiBoldItalic.ttf in Resources */ = {isa = PBXBuildFile; fileRef = 30E0C86829F1DA620011F736 /* Poppins-SemiBoldItalic.ttf */; };
		30E0C87A29F1DA670011F736 /* Poppins-Black.ttf in Resources */ = {isa = PBXBuildFile; fileRef = 30E0C86929F1DA620011F736 /* Poppins-Black.ttf */; };
		30E0C87B29F1DA670011F736 /* Poppins-ExtraLightItalic.ttf in Resources */ = {isa = PBXBuildFile; fileRef = 30E0C86A29F1DA630011F736 /* Poppins-ExtraLightItalic.ttf */; };
		30E0C87C29F1DA670011F736 /* Poppins-ExtraLight.ttf in Resources */ = {isa = PBXBuildFile; fileRef = 30E0C86B29F1DA640011F736 /* Poppins-ExtraLight.ttf */; };
		30E0C87D29F1DA670011F736 /* Poppins-Italic.ttf in Resources */ = {isa = PBXBuildFile; fileRef = 30E0C86C29F1DA640011F736 /* Poppins-Italic.ttf */; };
		30E0C87E29F1DA670011F736 /* Poppins-Light.ttf in Resources */ = {isa = PBXBuildFile; fileRef = 30E0C86D29F1DA650011F736 /* Poppins-Light.ttf */; };
		30E0C87F29F1DA670011F736 /* Poppins-BlackItalic.ttf in Resources */ = {isa = PBXBuildFile; fileRef = 30E0C86E29F1DA650011F736 /* Poppins-BlackItalic.ttf */; };
		30E0C88029F1DA670011F736 /* Poppins-SemiBold.ttf in Resources */ = {isa = PBXBuildFile; fileRef = 30E0C86F29F1DA660011F736 /* Poppins-SemiBold.ttf */; };
		30E0C88129F1DA670011F736 /* Poppins-ExtraBold.ttf in Resources */ = {isa = PBXBuildFile; fileRef = 30E0C87029F1DA660011F736 /* Poppins-ExtraBold.ttf */; };
		30E0C88229F1DA670011F736 /* Poppins-Regular.ttf in Resources */ = {isa = PBXBuildFile; fileRef = 30E0C87129F1DA670011F736 /* Poppins-Regular.ttf */; };
		30E0C88329F1DA670011F736 /* Poppins-MediumItalic.ttf in Resources */ = {isa = PBXBuildFile; fileRef = 30E0C87229F1DA670011F736 /* Poppins-MediumItalic.ttf */; };
		30E9CB3629F6AFF000E1F0C2 /* ProgressView.swift in Sources */ = {isa = PBXBuildFile; fileRef = 30E9CB3529F6AFF000E1F0C2 /* ProgressView.swift */; };
		30E9CB3829F6B1CA00E1F0C2 /* ProgressPercentageView.swift in Sources */ = {isa = PBXBuildFile; fileRef = 30E9CB3729F6B1CA00E1F0C2 /* ProgressPercentageView.swift */; };
		30E9CB3E29F6D02C00E1F0C2 /* MainScreenView.swift in Sources */ = {isa = PBXBuildFile; fileRef = 30E9CB3D29F6D02C00E1F0C2 /* MainScreenView.swift */; };
		30E9CB4029F6D0B700E1F0C2 /* TextView.swift in Sources */ = {isa = PBXBuildFile; fileRef = 30E9CB3F29F6D0B700E1F0C2 /* TextView.swift */; };
		30E9CB4229F6D13800E1F0C2 /* QuittingInformationView.swift in Sources */ = {isa = PBXBuildFile; fileRef = 30E9CB4129F6D13800E1F0C2 /* QuittingInformationView.swift */; };
		30E9CB4429F6D40800E1F0C2 /* StatsView.swift in Sources */ = {isa = PBXBuildFile; fileRef = 30E9CB4329F6D40800E1F0C2 /* StatsView.swift */; };
		30E9CB4629F6D9B400E1F0C2 /* StandartButtonStyle.swift in Sources */ = {isa = PBXBuildFile; fileRef = 30E9CB4529F6D9B400E1F0C2 /* StandartButtonStyle.swift */; };
		30E9CB4C29F6E6B400E1F0C2 /* CNNEmotions.mlpackage in Sources */ = {isa = PBXBuildFile; fileRef = 30E9CB4B29F6E6B400E1F0C2 /* CNNEmotions.mlpackage */; };
		30F53D3C29A3DF2E005063D4 /* GlowEffectSwiftUI.swift in Sources */ = {isa = PBXBuildFile; fileRef = 30F53D3B29A3DF2E005063D4 /* GlowEffectSwiftUI.swift */; };
/* End PBXBuildFile section */

/* Begin PBXFileReference section */
		301821CE299D79C10088863C /* AuthentificationService.swift */ = {isa = PBXFileReference; lastKnownFileType = sourcecode.swift; path = AuthentificationService.swift; sourceTree = "<group>"; };
		3019DEE62A0B050E00C7B1CC /* SettingsViewProfileHeaderView.swift */ = {isa = PBXFileReference; lastKnownFileType = sourcecode.swift; path = SettingsViewProfileHeaderView.swift; sourceTree = "<group>"; };
		3021339D29EC3D5A002ED5C5 /* MoodClassifierViewControllerProtocol.swift */ = {isa = PBXFileReference; lastKnownFileType = sourcecode.swift; path = MoodClassifierViewControllerProtocol.swift; sourceTree = "<group>"; };
		3025FF3A2A11824A002D71A8 /* MoodClassifierSelectionView.swift */ = {isa = PBXFileReference; lastKnownFileType = sourcecode.swift; path = MoodClassifierSelectionView.swift; sourceTree = "<group>"; };
		3025FF3D2A118AA6002D71A8 /* ManualMoodCoordinator.swift */ = {isa = PBXFileReference; lastKnownFileType = sourcecode.swift; path = ManualMoodCoordinator.swift; sourceTree = "<group>"; };
		3025FF3F2A119881002D71A8 /* CoreMLClassifierCoordinator.swift */ = {isa = PBXFileReference; lastKnownFileType = sourcecode.swift; path = CoreMLClassifierCoordinator.swift; sourceTree = "<group>"; };
		302B48C129F9442B0031CFE6 /* AuthentificationModuleConstants.swift */ = {isa = PBXFileReference; lastKnownFileType = sourcecode.swift; path = AuthentificationModuleConstants.swift; sourceTree = "<group>"; };
		302B48C329F952470031CFE6 /* LayoutConstants.swift */ = {isa = PBXFileReference; lastKnownFileType = sourcecode.swift; path = LayoutConstants.swift; sourceTree = "<group>"; };
		302B48C629F957690031CFE6 /* RegistrationViewController.swift */ = {isa = PBXFileReference; lastKnownFileType = sourcecode.swift; path = RegistrationViewController.swift; sourceTree = "<group>"; };
		302B48C929F967F30031CFE6 /* MainScreenViewModel.swift */ = {isa = PBXFileReference; lastKnownFileType = sourcecode.swift; path = MainScreenViewModel.swift; sourceTree = "<group>"; };
		302B48CD29F9D7FF0031CFE6 /* FirstTimeEntryCoordinator.swift */ = {isa = PBXFileReference; lastKnownFileType = sourcecode.swift; path = FirstTimeEntryCoordinator.swift; sourceTree = "<group>"; };
		302C494429FB116500D43421 /* MoodModel.swift */ = {isa = PBXFileReference; lastKnownFileType = sourcecode.swift; path = MoodModel.swift; sourceTree = "<group>"; };
		302C494629FB267200D43421 /* MoodClassifierHostingViewController.swift */ = {isa = PBXFileReference; lastKnownFileType = sourcecode.swift; path = MoodClassifierHostingViewController.swift; sourceTree = "<group>"; };
		302C494929FB26DB00D43421 /* MoodClassifierMainScreenView.swift */ = {isa = PBXFileReference; lastKnownFileType = sourcecode.swift; path = MoodClassifierMainScreenView.swift; sourceTree = "<group>"; };
		302C494B29FB26FC00D43421 /* MoodSelectionView.swift */ = {isa = PBXFileReference; lastKnownFileType = sourcecode.swift; path = MoodSelectionView.swift; sourceTree = "<group>"; };
		302C494D29FB276300D43421 /* MoodClassifierButton.swift */ = {isa = PBXFileReference; lastKnownFileType = sourcecode.swift; path = MoodClassifierButton.swift; sourceTree = "<group>"; };
		302EEE3029EB683F005732E3 /* MoodClassifierModulePresenter.swift */ = {isa = PBXFileReference; lastKnownFileType = sourcecode.swift; path = MoodClassifierModulePresenter.swift; sourceTree = "<group>"; };
		302EEE3229EB686C005732E3 /* UserMoodClassifierService.swift */ = {isa = PBXFileReference; lastKnownFileType = sourcecode.swift; path = UserMoodClassifierService.swift; sourceTree = "<group>"; };
		3037166829F2074400846D65 /* MoodClassifierViewController+Module.swift */ = {isa = PBXFileReference; lastKnownFileType = sourcecode.swift; path = "MoodClassifierViewController+Module.swift"; sourceTree = "<group>"; };
		303B9EB729C1C415008D2C64 /* ReasonsToStopViewProtocol.swift */ = {isa = PBXFileReference; lastKnownFileType = sourcecode.swift; path = ReasonsToStopViewProtocol.swift; sourceTree = "<group>"; };
		3044405829F70AFC00AD40F2 /* MainScreenContainerViewController.swift */ = {isa = PBXFileReference; lastKnownFileType = sourcecode.swift; path = MainScreenContainerViewController.swift; sourceTree = "<group>"; };
		3044405A29F7125D00AD40F2 /* RoundedCorner.swift */ = {isa = PBXFileReference; lastKnownFileType = sourcecode.swift; path = RoundedCorner.swift; sourceTree = "<group>"; };
		3044405C29F741B500AD40F2 /* HeaderView.swift */ = {isa = PBXFileReference; lastKnownFileType = sourcecode.swift; path = HeaderView.swift; sourceTree = "<group>"; };
		3044405E29F7438700AD40F2 /* TimeAndScoreView.swift */ = {isa = PBXFileReference; lastKnownFileType = sourcecode.swift; path = TimeAndScoreView.swift; sourceTree = "<group>"; };
		3044406029F7456E00AD40F2 /* Spacings.swift */ = {isa = PBXFileReference; lastKnownFileType = sourcecode.swift; path = Spacings.swift; sourceTree = "<group>"; };
		3048CD3429AD79000016308B /* MainScreenNewsViewModule.swift */ = {isa = PBXFileReference; lastKnownFileType = sourcecode.swift; path = MainScreenNewsViewModule.swift; sourceTree = "<group>"; };
		304EC1A52A03BBE7001667FC /* ProgressStatsViewContainer.swift */ = {isa = PBXFileReference; lastKnownFileType = sourcecode.swift; path = ProgressStatsViewContainer.swift; sourceTree = "<group>"; };
		304EC1A82A03BEE0001667FC /* ProgressStatsView.swift */ = {isa = PBXFileReference; lastKnownFileType = sourcecode.swift; path = ProgressStatsView.swift; sourceTree = "<group>"; };
		304F776829A97039004FF548 /* AuthentificationModulePresenter.swift */ = {isa = PBXFileReference; lastKnownFileType = sourcecode.swift; path = AuthentificationModulePresenter.swift; sourceTree = "<group>"; };
		304F776A29A978B9004FF548 /* AuthentificationModule.swift */ = {isa = PBXFileReference; lastKnownFileType = sourcecode.swift; path = AuthentificationModule.swift; sourceTree = "<group>"; };
		3057161F29C7E292002C20A0 /* ReasonsToStopModulePresenter.swift */ = {isa = PBXFileReference; lastKnownFileType = sourcecode.swift; path = ReasonsToStopModulePresenter.swift; sourceTree = "<group>"; };
		3057162129C7E374002C20A0 /* ReasonsToStopPresenterProtocol.swift */ = {isa = PBXFileReference; lastKnownFileType = sourcecode.swift; path = ReasonsToStopPresenterProtocol.swift; sourceTree = "<group>"; };
		3057162329C7E77D002C20A0 /* ReasonsTopStopView+Module.swift */ = {isa = PBXFileReference; lastKnownFileType = sourcecode.swift; path = "ReasonsTopStopView+Module.swift"; sourceTree = "<group>"; };
		306531F529E4B20500E0544F /* SettingsViewController.swift */ = {isa = PBXFileReference; lastKnownFileType = sourcecode.swift; path = SettingsViewController.swift; sourceTree = "<group>"; };
		306531F729E4B84800E0544F /* SettingsTableViewFooterView.swift */ = {isa = PBXFileReference; lastKnownFileType = sourcecode.swift; path = SettingsTableViewFooterView.swift; sourceTree = "<group>"; };
		306531F929E4BB5100E0544F /* SettingsTableViewCell.swift */ = {isa = PBXFileReference; lastKnownFileType = sourcecode.swift; path = SettingsTableViewCell.swift; sourceTree = "<group>"; };
		3078300D299D82B8003FAA10 /* UIButton+Extension.swift */ = {isa = PBXFileReference; lastKnownFileType = sourcecode.swift; path = "UIButton+Extension.swift"; sourceTree = "<group>"; };
		30783016299EECFF003FAA10 /* API.swift */ = {isa = PBXFileReference; lastKnownFileType = sourcecode.swift; path = API.swift; sourceTree = "<group>"; };
		3078302129A2DD25003FAA10 /* ColorConstants.swift */ = {isa = PBXFileReference; lastKnownFileType = sourcecode.swift; path = ColorConstants.swift; sourceTree = "<group>"; };
		3078302329A2DD9A003FAA10 /* UILabel+Extension.swift */ = {isa = PBXFileReference; lastKnownFileType = sourcecode.swift; path = "UILabel+Extension.swift"; sourceTree = "<group>"; };
		307E7DFD29EF312200DFCEE3 /* MoodClassifierViewController.swift */ = {isa = PBXFileReference; lastKnownFileType = sourcecode.swift; path = MoodClassifierViewController.swift; sourceTree = "<group>"; };
		307E7E0029EF486300DFCEE3 /* MoodClassifierModulePresenterProtocol.swift */ = {isa = PBXFileReference; lastKnownFileType = sourcecode.swift; path = MoodClassifierModulePresenterProtocol.swift; sourceTree = "<group>"; };
		3098C25E2A028CC6008B4114 /* FilterMenuView.swift */ = {isa = PBXFileReference; lastKnownFileType = sourcecode.swift; path = FilterMenuView.swift; sourceTree = "<group>"; };
		3098C2602A030209008B4114 /* TextStringConstants.swift */ = {isa = PBXFileReference; lastKnownFileType = sourcecode.swift; path = TextStringConstants.swift; sourceTree = "<group>"; };
		3098C2642A03065C008B4114 /* ProgressChartsModuleMainScreen.swift */ = {isa = PBXFileReference; lastKnownFileType = sourcecode.swift; path = ProgressChartsModuleMainScreen.swift; sourceTree = "<group>"; };
		30A0E4CA29DE19E1000CA339 /* Coordinator.swift */ = {isa = PBXFileReference; lastKnownFileType = sourcecode.swift; path = Coordinator.swift; sourceTree = "<group>"; };
		30A0E4CC29DE1B35000CA339 /* AppCoordinator.swift */ = {isa = PBXFileReference; lastKnownFileType = sourcecode.swift; path = AppCoordinator.swift; sourceTree = "<group>"; };
		30A0E4CE29DEF35B000CA339 /* LoginCoordinator.swift */ = {isa = PBXFileReference; lastKnownFileType = sourcecode.swift; path = LoginCoordinator.swift; sourceTree = "<group>"; };
		30A0E4D129DF71AF000CA339 /* TabBarPages.swift */ = {isa = PBXFileReference; lastKnownFileType = sourcecode.swift; path = TabBarPages.swift; sourceTree = "<group>"; };
		30A0E4D329DF7256000CA339 /* TabBarCoordinator.swift */ = {isa = PBXFileReference; lastKnownFileType = sourcecode.swift; path = TabBarCoordinator.swift; sourceTree = "<group>"; };
		30A11FF829FB29920062A019 /* ButtonWithCheckMarkButtonStyle.swift */ = {isa = PBXFileReference; lastKnownFileType = sourcecode.swift; path = ButtonWithCheckMarkButtonStyle.swift; sourceTree = "<group>"; };
		30A11FFA29FB2D070062A019 /* FontsEnum.swift */ = {isa = PBXFileReference; lastKnownFileType = sourcecode.swift; path = FontsEnum.swift; sourceTree = "<group>"; };
		30A11FFF29FB338C0062A019 /* MoodClassifierModuleViewModel.swift */ = {isa = PBXFileReference; lastKnownFileType = sourcecode.swift; path = MoodClassifierModuleViewModel.swift; sourceTree = "<group>"; };
		30A1200329FB45D70062A019 /* CustomTextField.swift */ = {isa = PBXFileReference; lastKnownFileType = sourcecode.swift; path = CustomTextField.swift; sourceTree = "<group>"; };
		30A1200529FBE7AF0062A019 /* FirebaseStorageService.swift */ = {isa = PBXFileReference; lastKnownFileType = sourcecode.swift; path = FirebaseStorageService.swift; sourceTree = "<group>"; };
		30A1204329FC0D350062A019 /* GoogleService-Info.plist */ = {isa = PBXFileReference; fileEncoding = 4; lastKnownFileType = text.plist.xml; path = "GoogleService-Info.plist"; sourceTree = "<group>"; };
		30A1204529FC138A0062A019 /* SettingModuleViewModule.swift */ = {isa = PBXFileReference; lastKnownFileType = sourcecode.swift; path = SettingModuleViewModule.swift; sourceTree = "<group>"; };
		30A1204729FC13A70062A019 /* ProgressChartsViewModel.swift */ = {isa = PBXFileReference; lastKnownFileType = sourcecode.swift; path = ProgressChartsViewModel.swift; sourceTree = "<group>"; };
		30A1205929FD22A10062A019 /* ChartModel.swift */ = {isa = PBXFileReference; lastKnownFileType = sourcecode.swift; path = ChartModel.swift; sourceTree = "<group>"; };
		30A1205B29FD31640062A019 /* UserStatisticsModel.swift */ = {isa = PBXFileReference; lastKnownFileType = sourcecode.swift; path = UserStatisticsModel.swift; sourceTree = "<group>"; };
		30A7636C2A01BC1E00C91C6A /* ProgressChartsModuleHostingViewController.swift */ = {isa = PBXFileReference; lastKnownFileType = sourcecode.swift; path = ProgressChartsModuleHostingViewController.swift; sourceTree = "<group>"; };
		30A7636E2A01BE9300C91C6A /* Binding+Extension.swift */ = {isa = PBXFileReference; lastKnownFileType = sourcecode.swift; path = "Binding+Extension.swift"; sourceTree = "<group>"; };
		30AAD91A2A0E4BB7000FF93D /* SettingsViewModel.swift */ = {isa = PBXFileReference; lastKnownFileType = sourcecode.swift; path = SettingsViewModel.swift; sourceTree = "<group>"; };
		30AAD9202A0EFB72000FF93D /* UserModel.swift */ = {isa = PBXFileReference; lastKnownFileType = sourcecode.swift; path = UserModel.swift; sourceTree = "<group>"; };
		30AAD9222A0F0A40000FF93D /* HeaderViewViewModel.swift */ = {isa = PBXFileReference; lastKnownFileType = sourcecode.swift; path = HeaderViewViewModel.swift; sourceTree = "<group>"; };
		30AAD9242A106553000FF93D /* ReasonsToStopCoordinator.swift */ = {isa = PBXFileReference; lastKnownFileType = sourcecode.swift; path = ReasonsToStopCoordinator.swift; sourceTree = "<group>"; };
		30ABA7B329E8C7660048C97E /* DateComponents+Extension.swift */ = {isa = PBXFileReference; lastKnownFileType = sourcecode.swift; path = "DateComponents+Extension.swift"; sourceTree = "<group>"; };
		30B7513529F345FD00295A7E /* ClassificationResultModel.swift */ = {isa = PBXFileReference; lastKnownFileType = sourcecode.swift; path = ClassificationResultModel.swift; sourceTree = "<group>"; };
		30C1CB1F29F1396500F7A044 /* MoodClassifierCoordinator.swift */ = {isa = PBXFileReference; lastKnownFileType = sourcecode.swift; path = MoodClassifierCoordinator.swift; sourceTree = "<group>"; };
		30CA1B3D299AE191001E5BF3 /* QuitMate.app */ = {isa = PBXFileReference; explicitFileType = wrapper.application; includeInIndex = 0; path = QuitMate.app; sourceTree = BUILT_PRODUCTS_DIR; };
		30CA1B40299AE191001E5BF3 /* AppDelegate.swift */ = {isa = PBXFileReference; lastKnownFileType = sourcecode.swift; path = AppDelegate.swift; sourceTree = "<group>"; };
		30CA1B42299AE191001E5BF3 /* SceneDelegate.swift */ = {isa = PBXFileReference; lastKnownFileType = sourcecode.swift; path = SceneDelegate.swift; sourceTree = "<group>"; };
		30CA1B44299AE191001E5BF3 /* AutentificationViewController.swift */ = {isa = PBXFileReference; lastKnownFileType = sourcecode.swift; path = AutentificationViewController.swift; sourceTree = "<group>"; };
		30CA1B49299AE192001E5BF3 /* Assets.xcassets */ = {isa = PBXFileReference; lastKnownFileType = folder.assetcatalog; path = Assets.xcassets; sourceTree = "<group>"; };
		30CA1B4C299AE192001E5BF3 /* Base */ = {isa = PBXFileReference; lastKnownFileType = file.storyboard; name = Base; path = Base.lproj/LaunchScreen.storyboard; sourceTree = "<group>"; };
		30CA1B4E299AE192001E5BF3 /* Info.plist */ = {isa = PBXFileReference; lastKnownFileType = text.plist.xml; path = Info.plist; sourceTree = "<group>"; };
		30CA1B54299AE573001E5BF3 /* UIView+Extension.swift */ = {isa = PBXFileReference; lastKnownFileType = sourcecode.swift; path = "UIView+Extension.swift"; sourceTree = "<group>"; };
		30CA1B56299AF0EB001E5BF3 /* TextField+Extension.swift */ = {isa = PBXFileReference; lastKnownFileType = sourcecode.swift; path = "TextField+Extension.swift"; sourceTree = "<group>"; };
		30CA3A0A29AFFA7200181539 /* MoodChartView.swift */ = {isa = PBXFileReference; lastKnownFileType = sourcecode.swift; path = MoodChartView.swift; sourceTree = "<group>"; };
		30CA3A2B29B0125F00181539 /* TabBarController.swift */ = {isa = PBXFileReference; lastKnownFileType = sourcecode.swift; path = TabBarController.swift; sourceTree = "<group>"; };
		30CA3A2D29B0EF7000181539 /* ReasonsToStopViewController.swift */ = {isa = PBXFileReference; lastKnownFileType = sourcecode.swift; path = ReasonsToStopViewController.swift; sourceTree = "<group>"; };
		30CA3A2F29B0F04600181539 /* ReasonsToStopCollectionViewCell.swift */ = {isa = PBXFileReference; lastKnownFileType = sourcecode.swift; path = ReasonsToStopCollectionViewCell.swift; sourceTree = "<group>"; };
		30E0C86229F1DA5F0011F736 /* Poppins-Medium.ttf */ = {isa = PBXFileReference; lastKnownFileType = file; path = "Poppins-Medium.ttf"; sourceTree = "<group>"; };
		30E0C86329F1DA5F0011F736 /* Poppins-ExtraBoldItalic.ttf */ = {isa = PBXFileReference; lastKnownFileType = file; path = "Poppins-ExtraBoldItalic.ttf"; sourceTree = "<group>"; };
		30E0C86429F1DA600011F736 /* Poppins-Bold.ttf */ = {isa = PBXFileReference; lastKnownFileType = file; path = "Poppins-Bold.ttf"; sourceTree = "<group>"; };
		30E0C86529F1DA600011F736 /* Poppins-Thin.ttf */ = {isa = PBXFileReference; lastKnownFileType = file; path = "Poppins-Thin.ttf"; sourceTree = "<group>"; };
		30E0C86629F1DA610011F736 /* Poppins-BoldItalic.ttf */ = {isa = PBXFileReference; lastKnownFileType = file; path = "Poppins-BoldItalic.ttf"; sourceTree = "<group>"; };
		30E0C86729F1DA610011F736 /* Poppins-LightItalic.ttf */ = {isa = PBXFileReference; lastKnownFileType = file; path = "Poppins-LightItalic.ttf"; sourceTree = "<group>"; };
		30E0C86829F1DA620011F736 /* Poppins-SemiBoldItalic.ttf */ = {isa = PBXFileReference; lastKnownFileType = file; path = "Poppins-SemiBoldItalic.ttf"; sourceTree = "<group>"; };
		30E0C86929F1DA620011F736 /* Poppins-Black.ttf */ = {isa = PBXFileReference; lastKnownFileType = file; path = "Poppins-Black.ttf"; sourceTree = "<group>"; };
		30E0C86A29F1DA630011F736 /* Poppins-ExtraLightItalic.ttf */ = {isa = PBXFileReference; lastKnownFileType = file; path = "Poppins-ExtraLightItalic.ttf"; sourceTree = "<group>"; };
		30E0C86B29F1DA640011F736 /* Poppins-ExtraLight.ttf */ = {isa = PBXFileReference; lastKnownFileType = file; path = "Poppins-ExtraLight.ttf"; sourceTree = "<group>"; };
		30E0C86C29F1DA640011F736 /* Poppins-Italic.ttf */ = {isa = PBXFileReference; lastKnownFileType = file; path = "Poppins-Italic.ttf"; sourceTree = "<group>"; };
		30E0C86D29F1DA650011F736 /* Poppins-Light.ttf */ = {isa = PBXFileReference; lastKnownFileType = file; path = "Poppins-Light.ttf"; sourceTree = "<group>"; };
		30E0C86E29F1DA650011F736 /* Poppins-BlackItalic.ttf */ = {isa = PBXFileReference; lastKnownFileType = file; path = "Poppins-BlackItalic.ttf"; sourceTree = "<group>"; };
		30E0C86F29F1DA660011F736 /* Poppins-SemiBold.ttf */ = {isa = PBXFileReference; lastKnownFileType = file; path = "Poppins-SemiBold.ttf"; sourceTree = "<group>"; };
		30E0C87029F1DA660011F736 /* Poppins-ExtraBold.ttf */ = {isa = PBXFileReference; lastKnownFileType = file; path = "Poppins-ExtraBold.ttf"; sourceTree = "<group>"; };
		30E0C87129F1DA670011F736 /* Poppins-Regular.ttf */ = {isa = PBXFileReference; lastKnownFileType = file; path = "Poppins-Regular.ttf"; sourceTree = "<group>"; };
		30E0C87229F1DA670011F736 /* Poppins-MediumItalic.ttf */ = {isa = PBXFileReference; lastKnownFileType = file; path = "Poppins-MediumItalic.ttf"; sourceTree = "<group>"; };
		30E9CB3529F6AFF000E1F0C2 /* ProgressView.swift */ = {isa = PBXFileReference; lastKnownFileType = sourcecode.swift; path = ProgressView.swift; sourceTree = "<group>"; };
		30E9CB3729F6B1CA00E1F0C2 /* ProgressPercentageView.swift */ = {isa = PBXFileReference; lastKnownFileType = sourcecode.swift; path = ProgressPercentageView.swift; sourceTree = "<group>"; };
		30E9CB3D29F6D02C00E1F0C2 /* MainScreenView.swift */ = {isa = PBXFileReference; lastKnownFileType = sourcecode.swift; path = MainScreenView.swift; sourceTree = "<group>"; };
		30E9CB3F29F6D0B700E1F0C2 /* TextView.swift */ = {isa = PBXFileReference; lastKnownFileType = sourcecode.swift; path = TextView.swift; sourceTree = "<group>"; };
		30E9CB4129F6D13800E1F0C2 /* QuittingInformationView.swift */ = {isa = PBXFileReference; lastKnownFileType = sourcecode.swift; path = QuittingInformationView.swift; sourceTree = "<group>"; };
		30E9CB4329F6D40800E1F0C2 /* StatsView.swift */ = {isa = PBXFileReference; lastKnownFileType = sourcecode.swift; path = StatsView.swift; sourceTree = "<group>"; };
		30E9CB4529F6D9B400E1F0C2 /* StandartButtonStyle.swift */ = {isa = PBXFileReference; lastKnownFileType = sourcecode.swift; path = StandartButtonStyle.swift; sourceTree = "<group>"; };
		30E9CB4B29F6E6B400E1F0C2 /* CNNEmotions.mlpackage */ = {isa = PBXFileReference; lastKnownFileType = folder.mlpackage; path = CNNEmotions.mlpackage; sourceTree = "<group>"; };
		30F53D3B29A3DF2E005063D4 /* GlowEffectSwiftUI.swift */ = {isa = PBXFileReference; lastKnownFileType = sourcecode.swift; path = GlowEffectSwiftUI.swift; sourceTree = "<group>"; };
/* End PBXFileReference section */

/* Begin PBXFrameworksBuildPhase section */
		30CA1B3A299AE191001E5BF3 /* Frameworks */ = {
			isa = PBXFrameworksBuildPhase;
			buildActionMask = 2147483647;
			files = (
				30A1205229FC1A0A0062A019 /* FirebaseDatabaseSwift in Frameworks */,
				30A1205029FC1A0A0062A019 /* FirebaseDatabase in Frameworks */,
				30A1205429FC1A0A0062A019 /* FirebaseFirestore in Frameworks */,
				30A1205829FC1A0A0062A019 /* FirebaseStorage in Frameworks */,
				30A1204E29FC1A0A0062A019 /* FirebaseAuth in Frameworks */,
				30A1205629FC1A0A0062A019 /* FirebaseFirestoreSwift in Frameworks */,
			);
			runOnlyForDeploymentPostprocessing = 0;
		};
/* End PBXFrameworksBuildPhase section */

/* Begin PBXGroup section */
		301821CC299D22AF0088863C /* AuthModule */ = {
			isa = PBXGroup;
			children = (
				30CA1B44299AE191001E5BF3 /* AutentificationViewController.swift */,
				304F776829A97039004FF548 /* AuthentificationModulePresenter.swift */,
				304F776A29A978B9004FF548 /* AuthentificationModule.swift */,
				302B48C629F957690031CFE6 /* RegistrationViewController.swift */,
			);
			path = AuthModule;
			sourceTree = "<group>";
		};
		301821CD299D22BD0088863C /* Extensions */ = {
			isa = PBXGroup;
			children = (
				30F53D3B29A3DF2E005063D4 /* GlowEffectSwiftUI.swift */,
				30CA1B54299AE573001E5BF3 /* UIView+Extension.swift */,
				30CA1B56299AF0EB001E5BF3 /* TextField+Extension.swift */,
				3078300D299D82B8003FAA10 /* UIButton+Extension.swift */,
				3078302329A2DD9A003FAA10 /* UILabel+Extension.swift */,
				30ABA7B329E8C7660048C97E /* DateComponents+Extension.swift */,
				30A7636E2A01BE9300C91C6A /* Binding+Extension.swift */,
			);
			path = Extensions;
			sourceTree = "<group>";
		};
		3025FF392A1181F3002D71A8 /* ManualClassificationView */ = {
			isa = PBXGroup;
			children = (
				302C494D29FB276300D43421 /* MoodClassifierButton.swift */,
				302C494B29FB26FC00D43421 /* MoodSelectionView.swift */,
				302C494929FB26DB00D43421 /* MoodClassifierMainScreenView.swift */,
			);
			path = ManualClassificationView;
			sourceTree = "<group>";
		};
		3025FF3C2A11836F002D71A8 /* MoodClassifierCoordinator */ = {
			isa = PBXGroup;
			children = (
				30C1CB1F29F1396500F7A044 /* MoodClassifierCoordinator.swift */,
				3025FF3D2A118AA6002D71A8 /* ManualMoodCoordinator.swift */,
				3025FF3F2A119881002D71A8 /* CoreMLClassifierCoordinator.swift */,
			);
			path = MoodClassifierCoordinator;
			sourceTree = "<group>";
		};
		302B48C529F9552E0031CFE6 /* Constants */ = {
			isa = PBXGroup;
			children = (
				3044406029F7456E00AD40F2 /* Spacings.swift */,
				3078302129A2DD25003FAA10 /* ColorConstants.swift */,
				302B48C129F9442B0031CFE6 /* AuthentificationModuleConstants.swift */,
				302B48C329F952470031CFE6 /* LayoutConstants.swift */,
				3098C2602A030209008B4114 /* TextStringConstants.swift */,
			);
			path = Constants;
			sourceTree = "<group>";
		};
		302B48C829F967E20031CFE6 /* ViewModel */ = {
			isa = PBXGroup;
			children = (
				302B48C929F967F30031CFE6 /* MainScreenViewModel.swift */,
			);
			path = ViewModel;
			sourceTree = "<group>";
		};
		302C494829FB268B00D43421 /* ViewV2 */ = {
			isa = PBXGroup;
			children = (
				302C494629FB267200D43421 /* MoodClassifierHostingViewController.swift */,
				3025FF392A1181F3002D71A8 /* ManualClassificationView */,
				3025FF3A2A11824A002D71A8 /* MoodClassifierSelectionView.swift */,
			);
			path = ViewV2;
			sourceTree = "<group>";
		};
		303B9EB329C1C3C0008D2C64 /* Views */ = {
			isa = PBXGroup;
			children = (
				30CA3A2F29B0F04600181539 /* ReasonsToStopCollectionViewCell.swift */,
				30CA3A2D29B0EF7000181539 /* ReasonsToStopViewController.swift */,
				3057162329C7E77D002C20A0 /* ReasonsTopStopView+Module.swift */,
			);
			path = Views;
			sourceTree = "<group>";
		};
		303B9EB429C1C3D5008D2C64 /* Presenters */ = {
			isa = PBXGroup;
			children = (
				3057161F29C7E292002C20A0 /* ReasonsToStopModulePresenter.swift */,
			);
			path = Presenters;
			sourceTree = "<group>";
		};
		3048CD3129AD71B90016308B /* Models */ = {
			isa = PBXGroup;
			children = (
				30A1205B29FD31640062A019 /* UserStatisticsModel.swift */,
			);
			path = Models;
			sourceTree = "<group>";
		};
		3048CD3929AEB6DC0016308B /* Helpers */ = {
			isa = PBXGroup;
			children = (
			);
			path = Helpers;
			sourceTree = "<group>";
		};
		304EC1A72A03BC65001667FC /* CoreViews */ = {
			isa = PBXGroup;
			children = (
				30A1200329FB45D70062A019 /* CustomTextField.swift */,
				3044405A29F7125D00AD40F2 /* RoundedCorner.swift */,
				30E9CB3F29F6D0B700E1F0C2 /* TextView.swift */,
			);
			path = CoreViews;
			sourceTree = "<group>";
		};
		304EC1AA2A03C00C001667FC /* ProgressStats */ = {
			isa = PBXGroup;
			children = (
				304EC1A52A03BBE7001667FC /* ProgressStatsViewContainer.swift */,
				304EC1A82A03BEE0001667FC /* ProgressStatsView.swift */,
			);
			path = ProgressStats;
			sourceTree = "<group>";
		};
		3057162529C7E902002C20A0 /* Protocols */ = {
			isa = PBXGroup;
			children = (
				3057162129C7E374002C20A0 /* ReasonsToStopPresenterProtocol.swift */,
				303B9EB729C1C415008D2C64 /* ReasonsToStopViewProtocol.swift */,
			);
			path = Protocols;
			sourceTree = "<group>";
		};
		306531F429E4B1EB00E0544F /* SettingsModule */ = {
			isa = PBXGroup;
			children = (
				30AAD9192A0E4BA3000FF93D /* ViewModel */,
				30AAD91F2A0E6A8D000FF93D /* SettingsView */,
			);
			path = SettingsModule;
			sourceTree = "<group>";
		};
		30783013299DA4D4003FAA10 /* MainScreenModule */ = {
			isa = PBXGroup;
			children = (
				302B48C829F967E20031CFE6 /* ViewModel */,
				30E9CB3429F6AFCB00E1F0C2 /* Views */,
				3048CD3129AD71B90016308B /* Models */,
				3048CD3429AD79000016308B /* MainScreenNewsViewModule.swift */,
			);
			path = MainScreenModule;
			sourceTree = "<group>";
		};
		307E7DFF29EF485200DFCEE3 /* Protocols */ = {
			isa = PBXGroup;
			children = (
				3021339D29EC3D5A002ED5C5 /* MoodClassifierViewControllerProtocol.swift */,
				307E7E0029EF486300DFCEE3 /* MoodClassifierModulePresenterProtocol.swift */,
			);
			path = Protocols;
			sourceTree = "<group>";
		};
		3093432A29DC5E4B00D9C1AA /* Modules */ = {
			isa = PBXGroup;
			children = (
				306531F429E4B1EB00E0544F /* SettingsModule */,
				3093432B29DC5E8C00D9C1AA /* MoodClassifierModule */,
				30CA3A3129B0F1ED00181539 /* ReasonsToStopModule */,
				30A8A1B729A553EC00EC4232 /* ProgressChartsModule */,
				30783013299DA4D4003FAA10 /* MainScreenModule */,
				301821CC299D22AF0088863C /* AuthModule */,
			);
			path = Modules;
			sourceTree = "<group>";
		};
		3093432B29DC5E8C00D9C1AA /* MoodClassifierModule */ = {
			isa = PBXGroup;
			children = (
				307E7DFF29EF485200DFCEE3 /* Protocols */,
				30A64CFA29EA1F09000E3E90 /* Model */,
				30A11FFC29FB322B0062A019 /* Presenter */,
				30A11FFD29FB323C0062A019 /* ClassifierService */,
				30A11FFE29FB32500062A019 /* View */,
				302C494829FB268B00D43421 /* ViewV2 */,
				30A11FFF29FB338C0062A019 /* MoodClassifierModuleViewModel.swift */,
			);
			path = MoodClassifierModule;
			sourceTree = "<group>";
		};
		3098C25D2A028C92008B4114 /* View */ = {
			isa = PBXGroup;
			children = (
				30CA3A0A29AFFA7200181539 /* MoodChartView.swift */,
				3098C25E2A028CC6008B4114 /* FilterMenuView.swift */,
				3098C2642A03065C008B4114 /* ProgressChartsModuleMainScreen.swift */,
				304EC1AA2A03C00C001667FC /* ProgressStats */,
			);
			path = View;
			sourceTree = "<group>";
		};
		30A0E4D029DEF4E7000CA339 /* Coordinators */ = {
			isa = PBXGroup;
			children = (
				30A0E4CA29DE19E1000CA339 /* Coordinator.swift */,
				30A0E4CC29DE1B35000CA339 /* AppCoordinator.swift */,
				30A0E4CE29DEF35B000CA339 /* LoginCoordinator.swift */,
				30A0E4D329DF7256000CA339 /* TabBarCoordinator.swift */,
				3025FF3C2A11836F002D71A8 /* MoodClassifierCoordinator */,
				302B48CD29F9D7FF0031CFE6 /* FirstTimeEntryCoordinator.swift */,
				30AAD9242A106553000FF93D /* ReasonsToStopCoordinator.swift */,
			);
			path = Coordinators;
			sourceTree = "<group>";
		};
		30A11FF729FB29160062A019 /* SwiftUI ButtonStyles */ = {
			isa = PBXGroup;
			children = (
				30E9CB4529F6D9B400E1F0C2 /* StandartButtonStyle.swift */,
				30A11FF829FB29920062A019 /* ButtonWithCheckMarkButtonStyle.swift */,
			);
			path = "SwiftUI ButtonStyles";
			sourceTree = "<group>";
		};
		30A11FFC29FB322B0062A019 /* Presenter */ = {
			isa = PBXGroup;
			children = (
				302EEE3029EB683F005732E3 /* MoodClassifierModulePresenter.swift */,
			);
			path = Presenter;
			sourceTree = "<group>";
		};
		30A11FFD29FB323C0062A019 /* ClassifierService */ = {
			isa = PBXGroup;
			children = (
				302EEE3229EB686C005732E3 /* UserMoodClassifierService.swift */,
			);
			path = ClassifierService;
			sourceTree = "<group>";
		};
		30A11FFE29FB32500062A019 /* View */ = {
			isa = PBXGroup;
			children = (
				3037166829F2074400846D65 /* MoodClassifierViewController+Module.swift */,
				307E7DFD29EF312200DFCEE3 /* MoodClassifierViewController.swift */,
			);
			path = View;
			sourceTree = "<group>";
		};
		30A64CFA29EA1F09000E3E90 /* Model */ = {
			isa = PBXGroup;
			children = (
				30E9CB4B29F6E6B400E1F0C2 /* CNNEmotions.mlpackage */,
				30B7513529F345FD00295A7E /* ClassificationResultModel.swift */,
				302C494429FB116500D43421 /* MoodModel.swift */,
			);
			path = Model;
			sourceTree = "<group>";
		};
		30A8A1B729A553EC00EC4232 /* ProgressChartsModule */ = {
			isa = PBXGroup;
			children = (
				3098C25D2A028C92008B4114 /* View */,
				30A1204729FC13A70062A019 /* ProgressChartsViewModel.swift */,
				30A1205929FD22A10062A019 /* ChartModel.swift */,
				30A7636C2A01BC1E00C91C6A /* ProgressChartsModuleHostingViewController.swift */,
			);
			path = ProgressChartsModule;
			sourceTree = "<group>";
		};
		30AAD9192A0E4BA3000FF93D /* ViewModel */ = {
			isa = PBXGroup;
			children = (
				30AAD91A2A0E4BB7000FF93D /* SettingsViewModel.swift */,
				30AAD9222A0F0A40000FF93D /* HeaderViewViewModel.swift */,
			);
			path = ViewModel;
			sourceTree = "<group>";
		};
		30AAD91C2A0E6702000FF93D /* FirebaseServices */ = {
			isa = PBXGroup;
			children = (
				30A1200529FBE7AF0062A019 /* FirebaseStorageService.swift */,
				301821CE299D79C10088863C /* AuthentificationService.swift */,
			);
			path = FirebaseServices;
			sourceTree = "<group>";
		};
		30AAD91F2A0E6A8D000FF93D /* SettingsView */ = {
			isa = PBXGroup;
			children = (
				306531F529E4B20500E0544F /* SettingsViewController.swift */,
				306531F729E4B84800E0544F /* SettingsTableViewFooterView.swift */,
				306531F929E4BB5100E0544F /* SettingsTableViewCell.swift */,
				30A1204529FC138A0062A019 /* SettingModuleViewModule.swift */,
				3019DEE62A0B050E00C7B1CC /* SettingsViewProfileHeaderView.swift */,
			);
			path = SettingsView;
			sourceTree = "<group>";
		};
		30CA1B34299AE191001E5BF3 = {
			isa = PBXGroup;
			children = (
				30CA1B3F299AE191001E5BF3 /* QuitMate */,
				30CA1B3E299AE191001E5BF3 /* Products */,
			);
			sourceTree = "<group>";
		};
		30CA1B3E299AE191001E5BF3 /* Products */ = {
			isa = PBXGroup;
			children = (
				30CA1B3D299AE191001E5BF3 /* QuitMate.app */,
			);
			name = Products;
			sourceTree = "<group>";
		};
		30CA1B3F299AE191001E5BF3 /* QuitMate */ = {
			isa = PBXGroup;
			children = (
				30AAD91C2A0E6702000FF93D /* FirebaseServices */,
				304EC1A72A03BC65001667FC /* CoreViews */,
				30A1204329FC0D350062A019 /* GoogleService-Info.plist */,
				30A11FF729FB29160062A019 /* SwiftUI ButtonStyles */,
				30CA1B4E299AE192001E5BF3 /* Info.plist */,
				30E0C83B29F1D6FA0011F736 /* Poppins */,
				30A0E4D029DEF4E7000CA339 /* Coordinators */,
				3093432A29DC5E4B00D9C1AA /* Modules */,
				30CA3A2829B008FD00181539 /* TapBar */,
				3048CD3929AEB6DC0016308B /* Helpers */,
				301821CD299D22BD0088863C /* Extensions */,
				30E9CB4D29F6E6D400E1F0C2 /* App */,
				30CA1B49299AE192001E5BF3 /* Assets.xcassets */,
				30CA1B4B299AE192001E5BF3 /* LaunchScreen.storyboard */,
				30783016299EECFF003FAA10 /* API.swift */,
				302B48C529F9552E0031CFE6 /* Constants */,
				30AAD9202A0EFB72000FF93D /* UserModel.swift */,
			);
			path = QuitMate;
			sourceTree = "<group>";
		};
		30CA3A2829B008FD00181539 /* TapBar */ = {
			isa = PBXGroup;
			children = (
				30CA3A2B29B0125F00181539 /* TabBarController.swift */,
				30A0E4D129DF71AF000CA339 /* TabBarPages.swift */,
			);
			path = TapBar;
			sourceTree = "<group>";
		};
		30CA3A3129B0F1ED00181539 /* ReasonsToStopModule */ = {
			isa = PBXGroup;
			children = (
				3057162529C7E902002C20A0 /* Protocols */,
				303B9EB429C1C3D5008D2C64 /* Presenters */,
				303B9EB329C1C3C0008D2C64 /* Views */,
			);
			path = ReasonsToStopModule;
			sourceTree = "<group>";
		};
		30E0C83B29F1D6FA0011F736 /* Poppins */ = {
			isa = PBXGroup;
			children = (
				30E0C86929F1DA620011F736 /* Poppins-Black.ttf */,
				30E0C86E29F1DA650011F736 /* Poppins-BlackItalic.ttf */,
				30E0C86429F1DA600011F736 /* Poppins-Bold.ttf */,
				30E0C86629F1DA610011F736 /* Poppins-BoldItalic.ttf */,
				30E0C87029F1DA660011F736 /* Poppins-ExtraBold.ttf */,
				30E0C86329F1DA5F0011F736 /* Poppins-ExtraBoldItalic.ttf */,
				30E0C86B29F1DA640011F736 /* Poppins-ExtraLight.ttf */,
				30E0C86A29F1DA630011F736 /* Poppins-ExtraLightItalic.ttf */,
				30E0C86C29F1DA640011F736 /* Poppins-Italic.ttf */,
				30E0C86D29F1DA650011F736 /* Poppins-Light.ttf */,
				30E0C86729F1DA610011F736 /* Poppins-LightItalic.ttf */,
				30E0C86229F1DA5F0011F736 /* Poppins-Medium.ttf */,
				30E0C87229F1DA670011F736 /* Poppins-MediumItalic.ttf */,
				30E0C87129F1DA670011F736 /* Poppins-Regular.ttf */,
				30E0C86F29F1DA660011F736 /* Poppins-SemiBold.ttf */,
				30E0C86829F1DA620011F736 /* Poppins-SemiBoldItalic.ttf */,
				30E0C86529F1DA600011F736 /* Poppins-Thin.ttf */,
				30A11FFA29FB2D070062A019 /* FontsEnum.swift */,
			);
			path = Poppins;
			sourceTree = "<group>";
		};
		30E9CB3429F6AFCB00E1F0C2 /* Views */ = {
			isa = PBXGroup;
			children = (
				30E9CB4329F6D40800E1F0C2 /* StatsView.swift */,
				3044405829F70AFC00AD40F2 /* MainScreenContainerViewController.swift */,
				30E9CB3D29F6D02C00E1F0C2 /* MainScreenView.swift */,
				3044405C29F741B500AD40F2 /* HeaderView.swift */,
				30E9CB3729F6B1CA00E1F0C2 /* ProgressPercentageView.swift */,
				30E9CB3529F6AFF000E1F0C2 /* ProgressView.swift */,
				30E9CB4129F6D13800E1F0C2 /* QuittingInformationView.swift */,
				3044405E29F7438700AD40F2 /* TimeAndScoreView.swift */,
			);
			path = Views;
			sourceTree = "<group>";
		};
		30E9CB4D29F6E6D400E1F0C2 /* App */ = {
			isa = PBXGroup;
			children = (
				30CA1B40299AE191001E5BF3 /* AppDelegate.swift */,
				30CA1B42299AE191001E5BF3 /* SceneDelegate.swift */,
			);
			path = App;
			sourceTree = "<group>";
		};
/* End PBXGroup section */

/* Begin PBXNativeTarget section */
		30CA1B3C299AE191001E5BF3 /* QuitMate */ = {
			isa = PBXNativeTarget;
			buildConfigurationList = 30CA1B51299AE192001E5BF3 /* Build configuration list for PBXNativeTarget "QuitMate" */;
			buildPhases = (
				30CA1B39299AE191001E5BF3 /* Sources */,
				30CA1B3A299AE191001E5BF3 /* Frameworks */,
				30CA1B3B299AE191001E5BF3 /* Resources */,
			);
			buildRules = (
			);
			dependencies = (
			);
			name = QuitMate;
			packageProductDependencies = (
				30A1204D29FC1A0A0062A019 /* FirebaseAuth */,
				30A1204F29FC1A0A0062A019 /* FirebaseDatabase */,
				30A1205129FC1A0A0062A019 /* FirebaseDatabaseSwift */,
				30A1205329FC1A0A0062A019 /* FirebaseFirestore */,
				30A1205529FC1A0A0062A019 /* FirebaseFirestoreSwift */,
				30A1205729FC1A0A0062A019 /* FirebaseStorage */,
			);
			productName = QuitMate;
			productReference = 30CA1B3D299AE191001E5BF3 /* QuitMate.app */;
			productType = "com.apple.product-type.application";
		};
/* End PBXNativeTarget section */

/* Begin PBXProject section */
		30CA1B35299AE191001E5BF3 /* Project object */ = {
			isa = PBXProject;
			attributes = {
				BuildIndependentTargetsInParallel = 1;
				LastSwiftUpdateCheck = 1420;
				LastUpgradeCheck = 1420;
				TargetAttributes = {
					30CA1B3C299AE191001E5BF3 = {
						CreatedOnToolsVersion = 14.2;
					};
				};
			};
			buildConfigurationList = 30CA1B38299AE191001E5BF3 /* Build configuration list for PBXProject "QuitMate" */;
			compatibilityVersion = "Xcode 14.0";
			developmentRegion = en;
			hasScannedForEncodings = 0;
			knownRegions = (
				en,
				Base,
			);
			mainGroup = 30CA1B34299AE191001E5BF3;
			packageReferences = (
				30A1204C29FC1A0A0062A019 /* XCRemoteSwiftPackageReference "firebase-ios-sdk" */,
			);
			productRefGroup = 30CA1B3E299AE191001E5BF3 /* Products */;
			projectDirPath = "";
			projectRoot = "";
			targets = (
				30CA1B3C299AE191001E5BF3 /* QuitMate */,
			);
		};
/* End PBXProject section */

/* Begin PBXResourcesBuildPhase section */
		30CA1B3B299AE191001E5BF3 /* Resources */ = {
			isa = PBXResourcesBuildPhase;
			buildActionMask = 2147483647;
			files = (
				30E0C87B29F1DA670011F736 /* Poppins-ExtraLightItalic.ttf in Resources */,
				30E0C87E29F1DA670011F736 /* Poppins-Light.ttf in Resources */,
				30CA1B4D299AE192001E5BF3 /* LaunchScreen.storyboard in Resources */,
				30E0C87D29F1DA670011F736 /* Poppins-Italic.ttf in Resources */,
				30E0C87629F1DA670011F736 /* Poppins-Thin.ttf in Resources */,
				30E0C87529F1DA670011F736 /* Poppins-Bold.ttf in Resources */,
				30E0C87329F1DA670011F736 /* Poppins-Medium.ttf in Resources */,
				30CA1B4A299AE192001E5BF3 /* Assets.xcassets in Resources */,
				30E0C87929F1DA670011F736 /* Poppins-SemiBoldItalic.ttf in Resources */,
				30E0C88329F1DA670011F736 /* Poppins-MediumItalic.ttf in Resources */,
				30E0C88129F1DA670011F736 /* Poppins-ExtraBold.ttf in Resources */,
				30E0C87429F1DA670011F736 /* Poppins-ExtraBoldItalic.ttf in Resources */,
				30E0C87A29F1DA670011F736 /* Poppins-Black.ttf in Resources */,
				30E0C87F29F1DA670011F736 /* Poppins-BlackItalic.ttf in Resources */,
				30E0C87829F1DA670011F736 /* Poppins-LightItalic.ttf in Resources */,
				30E0C87729F1DA670011F736 /* Poppins-BoldItalic.ttf in Resources */,
				30A1204429FC0D350062A019 /* GoogleService-Info.plist in Resources */,
				30E0C87C29F1DA670011F736 /* Poppins-ExtraLight.ttf in Resources */,
				30E0C88229F1DA670011F736 /* Poppins-Regular.ttf in Resources */,
				30E0C88029F1DA670011F736 /* Poppins-SemiBold.ttf in Resources */,
			);
			runOnlyForDeploymentPostprocessing = 0;
		};
/* End PBXResourcesBuildPhase section */

/* Begin PBXSourcesBuildPhase section */
		30CA1B39299AE191001E5BF3 /* Sources */ = {
			isa = PBXSourcesBuildPhase;
			buildActionMask = 2147483647;
			files = (
				3078302429A2DD9A003FAA10 /* UILabel+Extension.swift in Sources */,
				30A0E4CD29DE1B35000CA339 /* AppCoordinator.swift in Sources */,
				304F776B29A978B9004FF548 /* AuthentificationModule.swift in Sources */,
				302B48CA29F967F30031CFE6 /* MainScreenViewModel.swift in Sources */,
				3098C2612A030209008B4114 /* TextStringConstants.swift in Sources */,
				30ABA7B429E8C7660048C97E /* DateComponents+Extension.swift in Sources */,
				30CA1B45299AE191001E5BF3 /* AutentificationViewController.swift in Sources */,
				30B7513629F345FD00295A7E /* ClassificationResultModel.swift in Sources */,
				3019DEE72A0B050E00C7B1CC /* SettingsViewProfileHeaderView.swift in Sources */,
				30AAD9252A106553000FF93D /* ReasonsToStopCoordinator.swift in Sources */,
				30E9CB4029F6D0B700E1F0C2 /* TextView.swift in Sources */,
				3044405929F70AFC00AD40F2 /* MainScreenContainerViewController.swift in Sources */,
				302C494729FB267300D43421 /* MoodClassifierHostingViewController.swift in Sources */,
				306531F629E4B20500E0544F /* SettingsViewController.swift in Sources */,
				30C1CB2029F1396500F7A044 /* MoodClassifierCoordinator.swift in Sources */,
				3078302229A2DD25003FAA10 /* ColorConstants.swift in Sources */,
				30AAD91B2A0E4BB7000FF93D /* SettingsViewModel.swift in Sources */,
				30AAD9212A0EFB72000FF93D /* UserModel.swift in Sources */,
				30A1204629FC138A0062A019 /* SettingModuleViewModule.swift in Sources */,
				30E9CB3E29F6D02C00E1F0C2 /* MainScreenView.swift in Sources */,
				3044405B29F7125D00AD40F2 /* RoundedCorner.swift in Sources */,
				30A0E4CB29DE19E1000CA339 /* Coordinator.swift in Sources */,
				307E7DFE29EF312200DFCEE3 /* MoodClassifierViewController.swift in Sources */,
				30A0E4D229DF71AF000CA339 /* TabBarPages.swift in Sources */,
				3098C2652A03065C008B4114 /* ProgressChartsModuleMainScreen.swift in Sources */,
				30CA1B41299AE191001E5BF3 /* AppDelegate.swift in Sources */,
				302EEE3129EB683F005732E3 /* MoodClassifierModulePresenter.swift in Sources */,
				30E9CB4429F6D40800E1F0C2 /* StatsView.swift in Sources */,
				30A11FF929FB29920062A019 /* ButtonWithCheckMarkButtonStyle.swift in Sources */,
				30CA3A3029B0F04600181539 /* ReasonsToStopCollectionViewCell.swift in Sources */,
				3057162029C7E292002C20A0 /* ReasonsToStopModulePresenter.swift in Sources */,
				3025FF3E2A118AA6002D71A8 /* ManualMoodCoordinator.swift in Sources */,
				30A1205A29FD22A10062A019 /* ChartModel.swift in Sources */,
				30CA3A2C29B0125F00181539 /* TabBarController.swift in Sources */,
				30A7636F2A01BE9300C91C6A /* Binding+Extension.swift in Sources */,
				302B48C429F952470031CFE6 /* LayoutConstants.swift in Sources */,
				301821CF299D79C10088863C /* AuthentificationService.swift in Sources */,
				30A0E4D429DF7256000CA339 /* TabBarCoordinator.swift in Sources */,
				30783017299EECFF003FAA10 /* API.swift in Sources */,
				30A0E4CF29DEF35B000CA339 /* LoginCoordinator.swift in Sources */,
				30CA3A0B29AFFA7200181539 /* MoodChartView.swift in Sources */,
				30CA3A2E29B0EF7000181539 /* ReasonsToStopViewController.swift in Sources */,
				3021339E29EC3D5A002ED5C5 /* MoodClassifierViewControllerProtocol.swift in Sources */,
				30E9CB3629F6AFF000E1F0C2 /* ProgressView.swift in Sources */,
				3025FF3B2A11824A002D71A8 /* MoodClassifierSelectionView.swift in Sources */,
				304EC1A92A03BEE0001667FC /* ProgressStatsView.swift in Sources */,
				30A1200629FBE7B00062A019 /* FirebaseStorageService.swift in Sources */,
				3057162229C7E374002C20A0 /* ReasonsToStopPresenterProtocol.swift in Sources */,
				302C494E29FB276300D43421 /* MoodClassifierButton.swift in Sources */,
				30E9CB4C29F6E6B400E1F0C2 /* CNNEmotions.mlpackage in Sources */,
				30AAD9232A0F0A40000FF93D /* HeaderViewViewModel.swift in Sources */,
				3057162429C7E77D002C20A0 /* ReasonsTopStopView+Module.swift in Sources */,
				3044405F29F7438700AD40F2 /* TimeAndScoreView.swift in Sources */,
				3037166929F2074400846D65 /* MoodClassifierViewController+Module.swift in Sources */,
				30E9CB3829F6B1CA00E1F0C2 /* ProgressPercentageView.swift in Sources */,
				302C494A29FB26DB00D43421 /* MoodClassifierMainScreenView.swift in Sources */,
				30CA1B43299AE191001E5BF3 /* SceneDelegate.swift in Sources */,
				304F776929A97039004FF548 /* AuthentificationModulePresenter.swift in Sources */,
				3048CD3529AD79010016308B /* MainScreenNewsViewModule.swift in Sources */,
				3044405D29F741B500AD40F2 /* HeaderView.swift in Sources */,
				30A11FFB29FB2D070062A019 /* FontsEnum.swift in Sources */,
				30A1205C29FD31640062A019 /* UserStatisticsModel.swift in Sources */,
				302B48C729F957690031CFE6 /* RegistrationViewController.swift in Sources */,
				30CA1B55299AE573001E5BF3 /* UIView+Extension.swift in Sources */,
				30A1200029FB338C0062A019 /* MoodClassifierModuleViewModel.swift in Sources */,
				302C494C29FB26FC00D43421 /* MoodSelectionView.swift in Sources */,
				30A1200429FB45D70062A019 /* CustomTextField.swift in Sources */,
				307E7E0129EF486300DFCEE3 /* MoodClassifierModulePresenterProtocol.swift in Sources */,
				303B9EB829C1C415008D2C64 /* ReasonsToStopViewProtocol.swift in Sources */,
				302C494529FB116500D43421 /* MoodModel.swift in Sources */,
				30F53D3C29A3DF2E005063D4 /* GlowEffectSwiftUI.swift in Sources */,
				306531F829E4B84800E0544F /* SettingsTableViewFooterView.swift in Sources */,
				3044406129F7456E00AD40F2 /* Spacings.swift in Sources */,
				3025FF402A119881002D71A8 /* CoreMLClassifierCoordinator.swift in Sources */,
				302B48CE29F9D7FF0031CFE6 /* FirstTimeEntryCoordinator.swift in Sources */,
				30E9CB4229F6D13800E1F0C2 /* QuittingInformationView.swift in Sources */,
				3098C25F2A028CC6008B4114 /* FilterMenuView.swift in Sources */,
				302B48C229F9442B0031CFE6 /* AuthentificationModuleConstants.swift in Sources */,
				304EC1A62A03BBE7001667FC /* ProgressStatsViewContainer.swift in Sources */,
				30E9CB4629F6D9B400E1F0C2 /* StandartButtonStyle.swift in Sources */,
				30CA1B57299AF0EB001E5BF3 /* TextField+Extension.swift in Sources */,
				30A1204829FC13A70062A019 /* ProgressChartsViewModel.swift in Sources */,
				306531FA29E4BB5100E0544F /* SettingsTableViewCell.swift in Sources */,
				30A7636D2A01BC1E00C91C6A /* ProgressChartsModuleHostingViewController.swift in Sources */,
				3078300E299D82B8003FAA10 /* UIButton+Extension.swift in Sources */,
				302EEE3329EB686C005732E3 /* UserMoodClassifierService.swift in Sources */,
			);
			runOnlyForDeploymentPostprocessing = 0;
		};
/* End PBXSourcesBuildPhase section */

/* Begin PBXVariantGroup section */
		30CA1B4B299AE192001E5BF3 /* LaunchScreen.storyboard */ = {
			isa = PBXVariantGroup;
			children = (
				30CA1B4C299AE192001E5BF3 /* Base */,
			);
			name = LaunchScreen.storyboard;
			sourceTree = "<group>";
		};
/* End PBXVariantGroup section */

/* Begin XCBuildConfiguration section */
		30CA1B4F299AE192001E5BF3 /* Debug */ = {
			isa = XCBuildConfiguration;
			buildSettings = {
				ALWAYS_SEARCH_USER_PATHS = NO;
				CLANG_ANALYZER_NONNULL = YES;
				CLANG_ANALYZER_NUMBER_OBJECT_CONVERSION = YES_AGGRESSIVE;
				CLANG_CXX_LANGUAGE_STANDARD = "gnu++20";
				CLANG_ENABLE_MODULES = YES;
				CLANG_ENABLE_OBJC_ARC = YES;
				CLANG_ENABLE_OBJC_WEAK = YES;
				CLANG_WARN_BLOCK_CAPTURE_AUTORELEASING = YES;
				CLANG_WARN_BOOL_CONVERSION = YES;
				CLANG_WARN_COMMA = YES;
				CLANG_WARN_CONSTANT_CONVERSION = YES;
				CLANG_WARN_DEPRECATED_OBJC_IMPLEMENTATIONS = YES;
				CLANG_WARN_DIRECT_OBJC_ISA_USAGE = YES_ERROR;
				CLANG_WARN_DOCUMENTATION_COMMENTS = YES;
				CLANG_WARN_EMPTY_BODY = YES;
				CLANG_WARN_ENUM_CONVERSION = YES;
				CLANG_WARN_INFINITE_RECURSION = YES;
				CLANG_WARN_INT_CONVERSION = YES;
				CLANG_WARN_NON_LITERAL_NULL_CONVERSION = YES;
				CLANG_WARN_OBJC_IMPLICIT_RETAIN_SELF = YES;
				CLANG_WARN_OBJC_LITERAL_CONVERSION = YES;
				CLANG_WARN_OBJC_ROOT_CLASS = YES_ERROR;
				CLANG_WARN_QUOTED_INCLUDE_IN_FRAMEWORK_HEADER = YES;
				CLANG_WARN_RANGE_LOOP_ANALYSIS = YES;
				CLANG_WARN_STRICT_PROTOTYPES = YES;
				CLANG_WARN_SUSPICIOUS_MOVE = YES;
				CLANG_WARN_UNGUARDED_AVAILABILITY = YES_AGGRESSIVE;
				CLANG_WARN_UNREACHABLE_CODE = YES;
				CLANG_WARN__DUPLICATE_METHOD_MATCH = YES;
				COPY_PHASE_STRIP = NO;
				DEBUG_INFORMATION_FORMAT = dwarf;
				ENABLE_STRICT_OBJC_MSGSEND = YES;
				ENABLE_TESTABILITY = YES;
				GCC_C_LANGUAGE_STANDARD = gnu11;
				GCC_DYNAMIC_NO_PIC = NO;
				GCC_NO_COMMON_BLOCKS = YES;
				GCC_OPTIMIZATION_LEVEL = 0;
				GCC_PREPROCESSOR_DEFINITIONS = (
					"DEBUG=1",
					"$(inherited)",
				);
				GCC_WARN_64_TO_32_BIT_CONVERSION = YES;
				GCC_WARN_ABOUT_RETURN_TYPE = YES_ERROR;
				GCC_WARN_UNDECLARED_SELECTOR = YES;
				GCC_WARN_UNINITIALIZED_AUTOS = YES_AGGRESSIVE;
				GCC_WARN_UNUSED_FUNCTION = YES;
				GCC_WARN_UNUSED_VARIABLE = YES;
				IPHONEOS_DEPLOYMENT_TARGET = 16.0;
				MTL_ENABLE_DEBUG_INFO = INCLUDE_SOURCE;
				MTL_FAST_MATH = YES;
				ONLY_ACTIVE_ARCH = YES;
				SDKROOT = iphoneos;
				SWIFT_ACTIVE_COMPILATION_CONDITIONS = DEBUG;
				SWIFT_OPTIMIZATION_LEVEL = "-Onone";
			};
			name = Debug;
		};
		30CA1B50299AE192001E5BF3 /* Release */ = {
			isa = XCBuildConfiguration;
			buildSettings = {
				ALWAYS_SEARCH_USER_PATHS = NO;
				CLANG_ANALYZER_NONNULL = YES;
				CLANG_ANALYZER_NUMBER_OBJECT_CONVERSION = YES_AGGRESSIVE;
				CLANG_CXX_LANGUAGE_STANDARD = "gnu++20";
				CLANG_ENABLE_MODULES = YES;
				CLANG_ENABLE_OBJC_ARC = YES;
				CLANG_ENABLE_OBJC_WEAK = YES;
				CLANG_WARN_BLOCK_CAPTURE_AUTORELEASING = YES;
				CLANG_WARN_BOOL_CONVERSION = YES;
				CLANG_WARN_COMMA = YES;
				CLANG_WARN_CONSTANT_CONVERSION = YES;
				CLANG_WARN_DEPRECATED_OBJC_IMPLEMENTATIONS = YES;
				CLANG_WARN_DIRECT_OBJC_ISA_USAGE = YES_ERROR;
				CLANG_WARN_DOCUMENTATION_COMMENTS = YES;
				CLANG_WARN_EMPTY_BODY = YES;
				CLANG_WARN_ENUM_CONVERSION = YES;
				CLANG_WARN_INFINITE_RECURSION = YES;
				CLANG_WARN_INT_CONVERSION = YES;
				CLANG_WARN_NON_LITERAL_NULL_CONVERSION = YES;
				CLANG_WARN_OBJC_IMPLICIT_RETAIN_SELF = YES;
				CLANG_WARN_OBJC_LITERAL_CONVERSION = YES;
				CLANG_WARN_OBJC_ROOT_CLASS = YES_ERROR;
				CLANG_WARN_QUOTED_INCLUDE_IN_FRAMEWORK_HEADER = YES;
				CLANG_WARN_RANGE_LOOP_ANALYSIS = YES;
				CLANG_WARN_STRICT_PROTOTYPES = YES;
				CLANG_WARN_SUSPICIOUS_MOVE = YES;
				CLANG_WARN_UNGUARDED_AVAILABILITY = YES_AGGRESSIVE;
				CLANG_WARN_UNREACHABLE_CODE = YES;
				CLANG_WARN__DUPLICATE_METHOD_MATCH = YES;
				COPY_PHASE_STRIP = NO;
				DEBUG_INFORMATION_FORMAT = "dwarf-with-dsym";
				ENABLE_NS_ASSERTIONS = NO;
				ENABLE_STRICT_OBJC_MSGSEND = YES;
				GCC_C_LANGUAGE_STANDARD = gnu11;
				GCC_NO_COMMON_BLOCKS = YES;
				GCC_WARN_64_TO_32_BIT_CONVERSION = YES;
				GCC_WARN_ABOUT_RETURN_TYPE = YES_ERROR;
				GCC_WARN_UNDECLARED_SELECTOR = YES;
				GCC_WARN_UNINITIALIZED_AUTOS = YES_AGGRESSIVE;
				GCC_WARN_UNUSED_FUNCTION = YES;
				GCC_WARN_UNUSED_VARIABLE = YES;
				IPHONEOS_DEPLOYMENT_TARGET = 16.0;
				MTL_ENABLE_DEBUG_INFO = NO;
				MTL_FAST_MATH = YES;
				SDKROOT = iphoneos;
				SWIFT_COMPILATION_MODE = wholemodule;
				SWIFT_OPTIMIZATION_LEVEL = "-O";
				VALIDATE_PRODUCT = YES;
			};
			name = Release;
		};
		30CA1B52299AE192001E5BF3 /* Debug */ = {
			isa = XCBuildConfiguration;
			buildSettings = {
				ASSETCATALOG_COMPILER_APPICON_NAME = AppIcon;
				ASSETCATALOG_COMPILER_GLOBAL_ACCENT_COLOR_NAME = AccentColor;
				CODE_SIGN_STYLE = Automatic;
				CURRENT_PROJECT_VERSION = 1;
				DEVELOPMENT_TEAM = 8ANLV69UU4;
				GENERATE_INFOPLIST_FILE = YES;
				INFOPLIST_FILE = QuitMate/Info.plist;
				INFOPLIST_KEY_LSApplicationCategoryType = "public.app-category.medical";
				INFOPLIST_KEY_NSCameraUsageDescription = "Use camera to determine your mood";
				INFOPLIST_KEY_UIApplicationSupportsIndirectInputEvents = YES;
				INFOPLIST_KEY_UILaunchStoryboardName = LaunchScreen;
				INFOPLIST_KEY_UIStatusBarStyle = "";
				INFOPLIST_KEY_UISupportedInterfaceOrientations = UIInterfaceOrientationPortrait;
				INFOPLIST_KEY_UISupportedInterfaceOrientations_iPad = "UIInterfaceOrientationLandscapeLeft UIInterfaceOrientationLandscapeRight UIInterfaceOrientationPortrait UIInterfaceOrientationPortraitUpsideDown";
				IPHONEOS_DEPLOYMENT_TARGET = 16.0;
				LD_RUNPATH_SEARCH_PATHS = (
					"$(inherited)",
					"@executable_path/Frameworks",
				);
				MARKETING_VERSION = 1.0;
				PRODUCT_BUNDLE_IDENTIFIER = com.sshashka.QuitMate;
				PRODUCT_NAME = "$(TARGET_NAME)";
				SUPPORTED_PLATFORMS = "iphoneos iphonesimulator";
				SUPPORTS_MACCATALYST = NO;
				SUPPORTS_MAC_DESIGNED_FOR_IPHONE_IPAD = NO;
				SWIFT_EMIT_LOC_STRINGS = YES;
				SWIFT_VERSION = 5.0;
				TARGETED_DEVICE_FAMILY = 1;
			};
			name = Debug;
		};
		30CA1B53299AE192001E5BF3 /* Release */ = {
			isa = XCBuildConfiguration;
			buildSettings = {
				ASSETCATALOG_COMPILER_APPICON_NAME = AppIcon;
				ASSETCATALOG_COMPILER_GLOBAL_ACCENT_COLOR_NAME = AccentColor;
				CODE_SIGN_STYLE = Automatic;
				CURRENT_PROJECT_VERSION = 1;
				DEVELOPMENT_TEAM = 8ANLV69UU4;
				GENERATE_INFOPLIST_FILE = YES;
				INFOPLIST_FILE = QuitMate/Info.plist;
				INFOPLIST_KEY_LSApplicationCategoryType = "public.app-category.medical";
				INFOPLIST_KEY_NSCameraUsageDescription = "Use camera to determine your mood";
				INFOPLIST_KEY_UIApplicationSupportsIndirectInputEvents = YES;
				INFOPLIST_KEY_UILaunchStoryboardName = LaunchScreen;
				INFOPLIST_KEY_UIStatusBarStyle = "";
				INFOPLIST_KEY_UISupportedInterfaceOrientations = UIInterfaceOrientationPortrait;
				INFOPLIST_KEY_UISupportedInterfaceOrientations_iPad = "UIInterfaceOrientationLandscapeLeft UIInterfaceOrientationLandscapeRight UIInterfaceOrientationPortrait UIInterfaceOrientationPortraitUpsideDown";
				IPHONEOS_DEPLOYMENT_TARGET = 16.0;
				LD_RUNPATH_SEARCH_PATHS = (
					"$(inherited)",
					"@executable_path/Frameworks",
				);
				MARKETING_VERSION = 1.0;
				PRODUCT_BUNDLE_IDENTIFIER = com.sshashka.QuitMate;
				PRODUCT_NAME = "$(TARGET_NAME)";
				SUPPORTED_PLATFORMS = "iphoneos iphonesimulator";
				SUPPORTS_MACCATALYST = NO;
				SUPPORTS_MAC_DESIGNED_FOR_IPHONE_IPAD = NO;
				SWIFT_EMIT_LOC_STRINGS = YES;
				SWIFT_VERSION = 5.0;
				TARGETED_DEVICE_FAMILY = 1;
			};
			name = Release;
		};
/* End XCBuildConfiguration section */

/* Begin XCConfigurationList section */
		30CA1B38299AE191001E5BF3 /* Build configuration list for PBXProject "QuitMate" */ = {
			isa = XCConfigurationList;
			buildConfigurations = (
				30CA1B4F299AE192001E5BF3 /* Debug */,
				30CA1B50299AE192001E5BF3 /* Release */,
			);
			defaultConfigurationIsVisible = 0;
			defaultConfigurationName = Release;
		};
		30CA1B51299AE192001E5BF3 /* Build configuration list for PBXNativeTarget "QuitMate" */ = {
			isa = XCConfigurationList;
			buildConfigurations = (
				30CA1B52299AE192001E5BF3 /* Debug */,
				30CA1B53299AE192001E5BF3 /* Release */,
			);
			defaultConfigurationIsVisible = 0;
			defaultConfigurationName = Release;
		};
/* End XCConfigurationList section */

/* Begin XCRemoteSwiftPackageReference section */
		30A1204C29FC1A0A0062A019 /* XCRemoteSwiftPackageReference "firebase-ios-sdk" */ = {
			isa = XCRemoteSwiftPackageReference;
			repositoryURL = "https://github.com/firebase/firebase-ios-sdk";
			requirement = {
				kind = upToNextMajorVersion;
				minimumVersion = 10.0.0;
			};
		};
/* End XCRemoteSwiftPackageReference section */

/* Begin XCSwiftPackageProductDependency section */
		30A1204D29FC1A0A0062A019 /* FirebaseAuth */ = {
			isa = XCSwiftPackageProductDependency;
			package = 30A1204C29FC1A0A0062A019 /* XCRemoteSwiftPackageReference "firebase-ios-sdk" */;
			productName = FirebaseAuth;
		};
		30A1204F29FC1A0A0062A019 /* FirebaseDatabase */ = {
			isa = XCSwiftPackageProductDependency;
			package = 30A1204C29FC1A0A0062A019 /* XCRemoteSwiftPackageReference "firebase-ios-sdk" */;
			productName = FirebaseDatabase;
		};
		30A1205129FC1A0A0062A019 /* FirebaseDatabaseSwift */ = {
			isa = XCSwiftPackageProductDependency;
			package = 30A1204C29FC1A0A0062A019 /* XCRemoteSwiftPackageReference "firebase-ios-sdk" */;
			productName = FirebaseDatabaseSwift;
		};
		30A1205329FC1A0A0062A019 /* FirebaseFirestore */ = {
			isa = XCSwiftPackageProductDependency;
			package = 30A1204C29FC1A0A0062A019 /* XCRemoteSwiftPackageReference "firebase-ios-sdk" */;
			productName = FirebaseFirestore;
		};
		30A1205529FC1A0A0062A019 /* FirebaseFirestoreSwift */ = {
			isa = XCSwiftPackageProductDependency;
			package = 30A1204C29FC1A0A0062A019 /* XCRemoteSwiftPackageReference "firebase-ios-sdk" */;
			productName = FirebaseFirestoreSwift;
		};
		30A1205729FC1A0A0062A019 /* FirebaseStorage */ = {
			isa = XCSwiftPackageProductDependency;
			package = 30A1204C29FC1A0A0062A019 /* XCRemoteSwiftPackageReference "firebase-ios-sdk" */;
			productName = FirebaseStorage;
		};
/* End XCSwiftPackageProductDependency section */
	};
	rootObject = 30CA1B35299AE191001E5BF3 /* Project object */;
}
